
Microsoft Visual Studio Solution File, Format Version 12.00
# Visual Studio Version 17
VisualStudioVersion = 17.5.33627.172
MinimumVisualStudioVersion = 10.0.40219.1
Project("{FAE04EC0-301F-11D3-BF4B-00C04F79EFBC}") = "EvaulationManager", "EvaulationManager\EvaulationManager.csproj", "{C3220A96-7427-4C5C-9ED9-CB8926B8553C}"
EndProject
Global
	GlobalSection(SolutionConfigurationPlatforms) = preSolution
		Debug|Any CPU = Debug|Any CPU
		Release|Any CPU = Release|Any CPU
	EndGlobalSection
	GlobalSection(ProjectConfigurationPlatforms) = postSolution
		{C3220A96-7427-4C5C-9ED9-CB8926B8553C}.Debug|Any CPU.ActiveCfg = Debug|Any CPU
		{C3220A96-7427-4C5C-9ED9-CB8926B8553C}.Debug|Any CPU.Build.0 = Debug|Any CPU
		{C3220A96-7427-4C5C-9ED9-CB8926B8553C}.Release|Any CPU.ActiveCfg = Release|Any CPU
		{C3220A96-7427-4C5C-9ED9-CB8926B8553C}.Release|Any CPU.Build.0 = Release|Any CPU
	EndGlobalSection
	GlobalSection(SolutionProperties) = preSolution
		HideSolutionNode = FALSE
	EndGlobalSection
	GlobalSection(ExtensibilityGlobals) = postSolution
		SolutionGuid = {6654E04A-0CF0-4665-857A-F09703DADE0C}
	EndGlobalSection
EndGlobal
